// !$*UTF8*$!
{
	archiveVersion = 1;
	classes = {
	};
	objectVersion = 46;
	objects = {

/* Begin PBXBuildFile section */
		9C31DADA1D7749B400472C89 /* splash.png in Resources */ = {isa = PBXBuildFile; fileRef = 9C31DAD91D7749B400472C89 /* splash.png */; };
		9C3553961D79018700B58FC5 /* InfoPlist.strings in Resources */ = {isa = PBXBuildFile; fileRef = 9C3553941D79018700B58FC5 /* InfoPlist.strings */; };
		9C5C56F01CE71FDE00757A8A /* assets in Resources */ = {isa = PBXBuildFile; fileRef = 9C5C56EF1CE71FDE00757A8A /* assets */; };
		9C8D023D1C99CCEB00F2CFFB /* AppDelegate.swift in Sources */ = {isa = PBXBuildFile; fileRef = 9C8D023C1C99CCEB00F2CFFB /* AppDelegate.swift */; };
		9C8D023F1C99CCEB00F2CFFB /* ViewController.swift in Sources */ = {isa = PBXBuildFile; fileRef = 9C8D023E1C99CCEB00F2CFFB /* ViewController.swift */; };
		9C8D02421C99CCEB00F2CFFB /* Main.storyboard in Resources */ = {isa = PBXBuildFile; fileRef = 9C8D02401C99CCEB00F2CFFB /* Main.storyboard */; };
		9C8D02441C99CCEB00F2CFFB /* Assets.xcassets in Resources */ = {isa = PBXBuildFile; fileRef = 9C8D02431C99CCEB00F2CFFB /* Assets.xcassets */; };
		9C8D02471C99CCEB00F2CFFB /* LaunchScreen.storyboard in Resources */ = {isa = PBXBuildFile; fileRef = 9C8D02451C99CCEB00F2CFFB /* LaunchScreen.storyboard */; };
		9CD212EB1D78602F00FC4121 /* cartridgePage.c in Sources */ = {isa = PBXBuildFile; fileRef = 9CD2125E1D78602F00FC4121 /* cartridgePage.c */; };
		9CD212EC1D78602F00FC4121 /* cartridgePopup.c in Sources */ = {isa = PBXBuildFile; fileRef = 9CD2125F1D78602F00FC4121 /* cartridgePopup.c */; };
		9CD212ED1D78602F00FC4121 /* controllerBtn.c in Sources */ = {isa = PBXBuildFile; fileRef = 9CD212611D78602F00FC4121 /* controllerBtn.c */; };
		9CD212EE1D78602F00FC4121 /* e3dUtilImage.c in Sources */ = {isa = PBXBuildFile; fileRef = 9CD212631D78602F00FC4121 /* e3dUtilImage.c */; };
		9CD212EF1D78602F00FC4121 /* e3dUtilMain.c in Sources */ = {isa = PBXBuildFile; fileRef = 9CD212641D78602F00FC4121 /* e3dUtilMain.c */; };
		9CD212F01D78602F00FC4121 /* hknwChara.c in Sources */ = {isa = PBXBuildFile; fileRef = 9CD212661D78602F00FC4121 /* hknwChara.c */; };
		9CD212F11D78602F00FC4121 /* hknwCharaList.c in Sources */ = {isa = PBXBuildFile; fileRef = 9CD212671D78602F00FC4121 /* hknwCharaList.c */; };
		9CD212F21D78602F00FC4121 /* hknwMap.c in Sources */ = {isa = PBXBuildFile; fileRef = 9CD212681D78602F00FC4121 /* hknwMap.c */; };
		9CD212F31D78602F00FC4121 /* partsButton.c in Sources */ = {isa = PBXBuildFile; fileRef = 9CD2126A1D78602F00FC4121 /* partsButton.c */; };
		9CD212F41D78602F00FC4121 /* partsButtonMemory.c in Sources */ = {isa = PBXBuildFile; fileRef = 9CD2126B1D78602F00FC4121 /* partsButtonMemory.c */; };
		9CD212F51D78602F00FC4121 /* partsPopupItemAsk.c in Sources */ = {isa = PBXBuildFile; fileRef = 9CD2126C1D78602F00FC4121 /* partsPopupItemAsk.c */; };
		9CD212F61D78602F00FC4121 /* partsPopupItemInfo.c in Sources */ = {isa = PBXBuildFile; fileRef = 9CD2126D1D78602F00FC4121 /* partsPopupItemInfo.c */; };
		9CD212F71D78602F00FC4121 /* partsPopupItemSelect.c in Sources */ = {isa = PBXBuildFile; fileRef = 9CD2126E1D78602F00FC4121 /* partsPopupItemSelect.c */; };
		9CD212F81D78602F00FC4121 /* partsPopupMoneyInfo.c in Sources */ = {isa = PBXBuildFile; fileRef = 9CD2126F1D78602F00FC4121 /* partsPopupMoneyInfo.c */; };
		9CD212F91D78602F00FC4121 /* partsPopupPicker.c in Sources */ = {isa = PBXBuildFile; fileRef = 9CD212701D78602F00FC4121 /* partsPopupPicker.c */; };
		9CD212FA1D78602F00FC4121 /* partsPopupPuppetProfile.c in Sources */ = {isa = PBXBuildFile; fileRef = 9CD212711D78602F00FC4121 /* partsPopupPuppetProfile.c */; };
		9CD212FB1D78602F00FC4121 /* partsPopupTutorial.c in Sources */ = {isa = PBXBuildFile; fileRef = 9CD212721D78602F00FC4121 /* partsPopupTutorial.c */; };
		9CD212FC1D78602F00FC4121 /* storageDataDynamicAtelier.c in Sources */ = {isa = PBXBuildFile; fileRef = 9CD212741D78602F00FC4121 /* storageDataDynamicAtelier.c */; };
		9CD212FD1D78602F00FC4121 /* storageDataDynamicField.c in Sources */ = {isa = PBXBuildFile; fileRef = 9CD212751D78602F00FC4121 /* storageDataDynamicField.c */; };
		9CD212FE1D78602F00FC4121 /* storageDataDynamicMeister.c in Sources */ = {isa = PBXBuildFile; fileRef = 9CD212761D78602F00FC4121 /* storageDataDynamicMeister.c */; };
		9CD212FF1D78602F00FC4121 /* storageDataDynamicPuppet.c in Sources */ = {isa = PBXBuildFile; fileRef = 9CD212771D78602F00FC4121 /* storageDataDynamicPuppet.c */; };
		9CD213001D78602F00FC4121 /* storageDataDynamicStatus.c in Sources */ = {isa = PBXBuildFile; fileRef = 9CD212781D78602F00FC4121 /* storageDataDynamicStatus.c */; };
		9CD213011D78602F00FC4121 /* storageDataGraphicBackground.c in Sources */ = {isa = PBXBuildFile; fileRef = 9CD212791D78602F00FC4121 /* storageDataGraphicBackground.c */; };
		9CD213021D78602F00FC4121 /* storageDataStaticEnemy.c in Sources */ = {isa = PBXBuildFile; fileRef = 9CD2127A1D78602F00FC4121 /* storageDataStaticEnemy.c */; };
		9CD213031D78602F00FC4121 /* storageDataStaticField.c in Sources */ = {isa = PBXBuildFile; fileRef = 9CD2127B1D78602F00FC4121 /* storageDataStaticField.c */; };
		9CD213041D78602F00FC4121 /* storageDataStaticGacha.c in Sources */ = {isa = PBXBuildFile; fileRef = 9CD2127C1D78602F00FC4121 /* storageDataStaticGacha.c */; };
		9CD213051D78602F00FC4121 /* storageDataStaticMeister.c in Sources */ = {isa = PBXBuildFile; fileRef = 9CD2127D1D78602F00FC4121 /* storageDataStaticMeister.c */; };
		9CD213061D78602F00FC4121 /* storageDataStaticPuppet.c in Sources */ = {isa = PBXBuildFile; fileRef = 9CD2127E1D78602F00FC4121 /* storageDataStaticPuppet.c */; };
		9CD213071D78602F00FC4121 /* storageMain.c in Sources */ = {isa = PBXBuildFile; fileRef = 9CD2127F1D78602F00FC4121 /* storageMain.c */; };
		9CD213081D78602F00FC4121 /* storageSetting.c in Sources */ = {isa = PBXBuildFile; fileRef = 9CD212801D78602F00FC4121 /* storageSetting.c */; };
		9CD213091D78602F00FC4121 /* utilMain.c in Sources */ = {isa = PBXBuildFile; fileRef = 9CD212821D78602F00FC4121 /* utilMain.c */; };
		9CD2130A1D78602F00FC4121 /* utilParameter.c in Sources */ = {isa = PBXBuildFile; fileRef = 9CD212831D78602F00FC4121 /* utilParameter.c */; };
		9CD2130B1D78602F00FC4121 /* utilSound.c in Sources */ = {isa = PBXBuildFile; fileRef = 9CD212841D78602F00FC4121 /* utilSound.c */; };
		9CD2130C1D78602F00FC4121 /* engineCtrlTouch.c in Sources */ = {isa = PBXBuildFile; fileRef = 9CD212881D78602F00FC4121 /* engineCtrlTouch.c */; };
		9CD2130D1D78602F00FC4121 /* engineDataBase64.c in Sources */ = {isa = PBXBuildFile; fileRef = 9CD2128B1D78602F00FC4121 /* engineDataBase64.c */; };
		9CD2130E1D78602F00FC4121 /* engineDataJson.c in Sources */ = {isa = PBXBuildFile; fileRef = 9CD2128C1D78602F00FC4121 /* engineDataJson.c */; };
		9CD2130F1D78602F00FC4121 /* engineDataRequest.c in Sources */ = {isa = PBXBuildFile; fileRef = 9CD2128D1D78602F00FC4121 /* engineDataRequest.c */; };
		9CD213101D78602F00FC4121 /* engineGraphicBuffer.c in Sources */ = {isa = PBXBuildFile; fileRef = 9CD212901D78602F00FC4121 /* engineGraphicBuffer.c */; };
		9CD213111D78602F00FC4121 /* engineGraphicEngine.c in Sources */ = {isa = PBXBuildFile; fileRef = 9CD212911D78602F00FC4121 /* engineGraphicEngine.c */; };
		9CD213121D78602F00FC4121 /* engineGraphicMain.c in Sources */ = {isa = PBXBuildFile; fileRef = 9CD212921D78602F00FC4121 /* engineGraphicMain.c */; };
		9CD213131D78602F00FC4121 /* engineGraphicObject.c in Sources */ = {isa = PBXBuildFile; fileRef = 9CD212931D78602F00FC4121 /* engineGraphicObject.c */; };
		9CD213141D78602F00FC4121 /* engineGraphicShader.c in Sources */ = {isa = PBXBuildFile; fileRef = 9CD212941D78602F00FC4121 /* engineGraphicShader.c */; };
		9CD213151D78602F00FC4121 /* engineMathFunction.c in Sources */ = {isa = PBXBuildFile; fileRef = 9CD212971D78602F00FC4121 /* engineMathFunction.c */; };
		9CD213161D78602F00FC4121 /* engineMathMatrix.c in Sources */ = {isa = PBXBuildFile; fileRef = 9CD212981D78602F00FC4121 /* engineMathMatrix.c */; };
		9CD213171D78602F00FC4121 /* engineMathRandom.c in Sources */ = {isa = PBXBuildFile; fileRef = 9CD212991D78602F00FC4121 /* engineMathRandom.c */; };
		9CD213181D78602F00FC4121 /* engineUtilMemory.c in Sources */ = {isa = PBXBuildFile; fileRef = 9CD2129C1D78602F00FC4121 /* engineUtilMemory.c */; };
		9CD213191D78602F00FC4121 /* gameEvent.c in Sources */ = {isa = PBXBuildFile; fileRef = 9CD2129E1D78602F00FC4121 /* gameEvent.c */; };
		9CD2131A1D78602F00FC4121 /* gameMain.c in Sources */ = {isa = PBXBuildFile; fileRef = 9CD2129F1D78602F00FC4121 /* gameMain.c */; };
		9CD2131B1D78602F00FC4121 /* pageTestInit.c in Sources */ = {isa = PBXBuildFile; fileRef = 9CD212A41D78602F00FC4121 /* pageTestInit.c */; };
		9CD2131C1D78602F00FC4121 /* pageTestMain.c in Sources */ = {isa = PBXBuildFile; fileRef = 9CD212A51D78602F00FC4121 /* pageTestMain.c */; };
		9CD2131D1D78602F00FC4121 /* popupTestTest.c in Sources */ = {isa = PBXBuildFile; fileRef = 9CD212A61D78602F00FC4121 /* popupTestTest.c */; };
		9CD2131E1D78602F00FC4121 /* pageTopInit.c in Sources */ = {isa = PBXBuildFile; fileRef = 9CD212A91D78602F00FC4121 /* pageTopInit.c */; };
		9CD2131F1D78602F00FC4121 /* pageTopMain.c in Sources */ = {isa = PBXBuildFile; fileRef = 9CD212AA1D78602F00FC4121 /* pageTopMain.c */; };
		9CD213201D78602F00FC4121 /* popupTopCredit.c in Sources */ = {isa = PBXBuildFile; fileRef = 9CD212AB1D78602F00FC4121 /* popupTopCredit.c */; };
		9CD213211D78602F00FC4121 /* popupTopManual.c in Sources */ = {isa = PBXBuildFile; fileRef = 9CD212AC1D78602F00FC4121 /* popupTopManual.c */; };
		9CD213221D78602F00FC4121 /* popupTopOption.c in Sources */ = {isa = PBXBuildFile; fileRef = 9CD212AD1D78602F00FC4121 /* popupTopOption.c */; };
		9CD213231D78602F00FC4121 /* buttonAtelierGacha.c in Sources */ = {isa = PBXBuildFile; fileRef = 9CD212AF1D78602F00FC4121 /* buttonAtelierGacha.c */; };
		9CD213241D78602F00FC4121 /* buttonAtelierMeister.c in Sources */ = {isa = PBXBuildFile; fileRef = 9CD212B01D78602F00FC4121 /* buttonAtelierMeister.c */; };
		9CD213251D78602F00FC4121 /* buttonAtelierPuppet.c in Sources */ = {isa = PBXBuildFile; fileRef = 9CD212B11D78602F00FC4121 /* buttonAtelierPuppet.c */; };
		9CD213261D78602F00FC4121 /* pageAtelierInit.c in Sources */ = {isa = PBXBuildFile; fileRef = 9CD212B31D78602F00FC4121 /* pageAtelierInit.c */; };
		9CD213271D78602F00FC4121 /* pageAtelierMain.c in Sources */ = {isa = PBXBuildFile; fileRef = 9CD212B41D78602F00FC4121 /* pageAtelierMain.c */; };
		9CD213281D78602F00FC4121 /* popupAtelierGacha.c in Sources */ = {isa = PBXBuildFile; fileRef = 9CD212B51D78602F00FC4121 /* popupAtelierGacha.c */; };
		9CD213291D78602F00FC4121 /* popupAtelierGachaResult.c in Sources */ = {isa = PBXBuildFile; fileRef = 9CD212B61D78602F00FC4121 /* popupAtelierGachaResult.c */; };
		9CD2132A1D78602F00FC4121 /* popupAtelierMeisterList.c in Sources */ = {isa = PBXBuildFile; fileRef = 9CD212B71D78602F00FC4121 /* popupAtelierMeisterList.c */; };
		9CD2132B1D78602F00FC4121 /* popupAtelierPuppetList.c in Sources */ = {isa = PBXBuildFile; fileRef = 9CD212B81D78602F00FC4121 /* popupAtelierPuppetList.c */; };
		9CD2132C1D78602F00FC4121 /* pageFieldInit.c in Sources */ = {isa = PBXBuildFile; fileRef = 9CD212BB1D78602F00FC4121 /* pageFieldInit.c */; };
		9CD2132D1D78602F00FC4121 /* pageFieldMain.c in Sources */ = {isa = PBXBuildFile; fileRef = 9CD212BC1D78602F00FC4121 /* pageFieldMain.c */; };
		9CD2132E1D78602F00FC4121 /* popupFieldInfo.c in Sources */ = {isa = PBXBuildFile; fileRef = 9CD212BD1D78602F00FC4121 /* popupFieldInfo.c */; };
		9CD2132F1D78602F00FC4121 /* popupFieldOpen.c in Sources */ = {isa = PBXBuildFile; fileRef = 9CD212BE1D78602F00FC4121 /* popupFieldOpen.c */; };
		9CD213301D78602F00FC4121 /* pageJumpInit.c in Sources */ = {isa = PBXBuildFile; fileRef = 9CD212C11D78602F00FC4121 /* pageJumpInit.c */; };
		9CD213311D78602F00FC4121 /* pageJumpMain.c in Sources */ = {isa = PBXBuildFile; fileRef = 9CD212C21D78602F00FC4121 /* pageJumpMain.c */; };
		9CD213321D78602F00FC4121 /* popupJumpEscape.c in Sources */ = {isa = PBXBuildFile; fileRef = 9CD212C31D78602F00FC4121 /* popupJumpEscape.c */; };
		9CD213331D78602F00FC4121 /* popupJumpResultLose.c in Sources */ = {isa = PBXBuildFile; fileRef = 9CD212C41D78602F00FC4121 /* popupJumpResultLose.c */; };
		9CD213341D78602F00FC4121 /* popupJumpResultWin.c in Sources */ = {isa = PBXBuildFile; fileRef = 9CD212C51D78602F00FC4121 /* popupJumpResultWin.c */; };
		9CD213351D78602F00FC4121 /* pluginDataCallback.c in Sources */ = {isa = PBXBuildFile; fileRef = 9CD212C81D78602F00FC4121 /* pluginDataCallback.c */; };
		9CD213361D78602F00FC4121 /* pluginEnpty.c in Sources */ = {isa = PBXBuildFile; fileRef = 9CD212C91D78602F00FC4121 /* pluginEnpty.c */; };
		9CD213371D78602F00FC4121 /* pluginSecret.c in Sources */ = {isa = PBXBuildFile; fileRef = 9CD212CC1D78602F00FC4121 /* pluginSecret.c */; };
		9CD213381D78602F00FC4121 /* pluginTextureCallback.c in Sources */ = {isa = PBXBuildFile; fileRef = 9CD212D11D78602F00FC4121 /* pluginTextureCallback.c */; };
		9CD213391D78602F00FC4121 /* pluginTextureMemory.c in Sources */ = {isa = PBXBuildFile; fileRef = 9CD212D21D78602F00FC4121 /* pluginTextureMemory.c */; };
		9CD2133A1D78602F00FC4121 /* pluginUtilCallback.c in Sources */ = {isa = PBXBuildFile; fileRef = 9CD212D41D78602F00FC4121 /* pluginUtilCallback.c */; };
		9CD2133B1D78602F00FC4121 /* pluginUtilMemory.c in Sources */ = {isa = PBXBuildFile; fileRef = 9CD212D51D78602F00FC4121 /* pluginUtilMemory.c */; };
		9CD2133C1D78602F00FC4121 /* pluginUtilUrl.c in Sources */ = {isa = PBXBuildFile; fileRef = 9CD212D61D78602F00FC4121 /* pluginUtilUrl.c */; };
		9CD2133D1D78602F00FC4121 /* FuhahaEvent.swift in Sources */ = {isa = PBXBuildFile; fileRef = 9CD212D91D78602F00FC4121 /* FuhahaEvent.swift */; };
		9CD2133E1D78602F00FC4121 /* FuhahaGLViewController.swift in Sources */ = {isa = PBXBuildFile; fileRef = 9CD212DA1D78602F00FC4121 /* FuhahaGLViewController.swift */; };
		9CD2133F1D78602F00FC4121 /* iosPluginData.m in Sources */ = {isa = PBXBuildFile; fileRef = 9CD212DB1D78602F00FC4121 /* iosPluginData.m */; };
		9CD213401D78602F00FC4121 /* IosPluginData.swift in Sources */ = {isa = PBXBuildFile; fileRef = 9CD212DC1D78602F00FC4121 /* IosPluginData.swift */; };
		9CD213411D78602F00FC4121 /* iosPluginEnpty.m in Sources */ = {isa = PBXBuildFile; fileRef = 9CD212DD1D78602F00FC4121 /* iosPluginEnpty.m */; };
		9CD213421D78602F00FC4121 /* IosPluginEnpty.swift in Sources */ = {isa = PBXBuildFile; fileRef = 9CD212DE1D78602F00FC4121 /* IosPluginEnpty.swift */; };
		9CD213431D78602F00FC4121 /* iosPluginPreference.m in Sources */ = {isa = PBXBuildFile; fileRef = 9CD212DF1D78602F00FC4121 /* iosPluginPreference.m */; };
		9CD213441D78602F00FC4121 /* IosPluginPreference.swift in Sources */ = {isa = PBXBuildFile; fileRef = 9CD212E01D78602F00FC4121 /* IosPluginPreference.swift */; };
		9CD213451D78602F00FC4121 /* IosPluginSecret.swift in Sources */ = {isa = PBXBuildFile; fileRef = 9CD212E11D78602F00FC4121 /* IosPluginSecret.swift */; };
		9CD213461D78602F00FC4121 /* iosPluginSound.m in Sources */ = {isa = PBXBuildFile; fileRef = 9CD212E21D78602F00FC4121 /* iosPluginSound.m */; };
		9CD213471D78602F00FC4121 /* IosPluginSound.swift in Sources */ = {isa = PBXBuildFile; fileRef = 9CD212E31D78602F00FC4121 /* IosPluginSound.swift */; };
		9CD213481D78602F00FC4121 /* iosPluginTexture.m in Sources */ = {isa = PBXBuildFile; fileRef = 9CD212E41D78602F00FC4121 /* iosPluginTexture.m */; };
		9CD213491D78602F00FC4121 /* IosPluginTexture.swift in Sources */ = {isa = PBXBuildFile; fileRef = 9CD212E51D78602F00FC4121 /* IosPluginTexture.swift */; };
		9CD2134A1D78602F00FC4121 /* iosPluginUtil.m in Sources */ = {isa = PBXBuildFile; fileRef = 9CD212E61D78602F00FC4121 /* iosPluginUtil.m */; };
		9CD2134B1D78602F00FC4121 /* IosPluginUtil.swift in Sources */ = {isa = PBXBuildFile; fileRef = 9CD212E71D78602F00FC4121 /* IosPluginUtil.swift */; };
		9CD2134C1D78602F00FC4121 /* nativeMain.m in Sources */ = {isa = PBXBuildFile; fileRef = 9CD212E91D78602F00FC4121 /* nativeMain.m */; };
		9CD213551D78617F00FC4121 /* data.c in Sources */ = {isa = PBXBuildFile; fileRef = 9CD213531D78617F00FC4121 /* data.c */; };
		DE7F3DB2403D16D99B4FB5B8 /* libPods.a in Frameworks */ = {isa = PBXBuildFile; fileRef = 7920FD4850A5EB31D2428945 /* libPods.a */; };
/* End PBXBuildFile section */

/* Begin PBXFileReference section */
		7920FD4850A5EB31D2428945 /* libPods.a */ = {isa = PBXFileReference; explicitFileType = archive.ar; includeInIndex = 0; path = libPods.a; sourceTree = BUILT_PRODUCTS_DIR; };
		9C31DAD91D7749B400472C89 /* splash.png */ = {isa = PBXFileReference; lastKnownFileType = image.png; path = splash.png; sourceTree = "<group>"; };
		9C3553951D79018700B58FC5 /* Base */ = {isa = PBXFileReference; lastKnownFileType = text.plist.strings; name = Base; path = Base.lproj/InfoPlist.strings; sourceTree = "<group>"; };
		9C5C56EF1CE71FDE00757A8A /* assets */ = {isa = PBXFileReference; lastKnownFileType = folder; path = assets; sourceTree = "<group>"; };
		9C8D02391C99CCEB00F2CFFB /* fuhaha.app */ = {isa = PBXFileReference; explicitFileType = wrapper.application; includeInIndex = 0; path = fuhaha.app; sourceTree = BUILT_PRODUCTS_DIR; };
		9C8D023C1C99CCEB00F2CFFB /* AppDelegate.swift */ = {isa = PBXFileReference; lastKnownFileType = sourcecode.swift; path = AppDelegate.swift; sourceTree = "<group>"; };
		9C8D023E1C99CCEB00F2CFFB /* ViewController.swift */ = {isa = PBXFileReference; lastKnownFileType = sourcecode.swift; path = ViewController.swift; sourceTree = "<group>"; };
		9C8D02411C99CCEB00F2CFFB /* Base */ = {isa = PBXFileReference; lastKnownFileType = file.storyboard; name = Base; path = Base.lproj/Main.storyboard; sourceTree = "<group>"; };
		9C8D02431C99CCEB00F2CFFB /* Assets.xcassets */ = {isa = PBXFileReference; lastKnownFileType = folder.assetcatalog; path = Assets.xcassets; sourceTree = "<group>"; };
		9C8D02461C99CCEB00F2CFFB /* Base */ = {isa = PBXFileReference; lastKnownFileType = file.storyboard; name = Base; path = Base.lproj/LaunchScreen.storyboard; sourceTree = "<group>"; };
		9C8D02481C99CCEB00F2CFFB /* Info.plist */ = {isa = PBXFileReference; lastKnownFileType = text.plist.xml; path = Info.plist; sourceTree = "<group>"; };
		9CD2125D1D78602F00FC4121 /* cartridge.h */ = {isa = PBXFileReference; fileEncoding = 4; lastKnownFileType = sourcecode.c.h; path = cartridge.h; sourceTree = "<group>"; };
		9CD2125E1D78602F00FC4121 /* cartridgePage.c */ = {isa = PBXFileReference; fileEncoding = 4; lastKnownFileType = sourcecode.c.c; path = cartridgePage.c; sourceTree = "<group>"; };
		9CD2125F1D78602F00FC4121 /* cartridgePopup.c */ = {isa = PBXFileReference; fileEncoding = 4; lastKnownFileType = sourcecode.c.c; path = cartridgePopup.c; sourceTree = "<group>"; };
		9CD212601D78602F00FC4121 /* controller.h */ = {isa = PBXFileReference; fileEncoding = 4; lastKnownFileType = sourcecode.c.h; path = controller.h; sourceTree = "<group>"; };
		9CD212611D78602F00FC4121 /* controllerBtn.c */ = {isa = PBXFileReference; fileEncoding = 4; lastKnownFileType = sourcecode.c.c; path = controllerBtn.c; sourceTree = "<group>"; };
		9CD212621D78602F00FC4121 /* e3dUtil.h */ = {isa = PBXFileReference; fileEncoding = 4; lastKnownFileType = sourcecode.c.h; path = e3dUtil.h; sourceTree = "<group>"; };
		9CD212631D78602F00FC4121 /* e3dUtilImage.c */ = {isa = PBXFileReference; fileEncoding = 4; lastKnownFileType = sourcecode.c.c; path = e3dUtilImage.c; sourceTree = "<group>"; };
		9CD212641D78602F00FC4121 /* e3dUtilMain.c */ = {isa = PBXFileReference; fileEncoding = 4; lastKnownFileType = sourcecode.c.c; path = e3dUtilMain.c; sourceTree = "<group>"; };
		9CD212651D78602F00FC4121 /* hknw.h */ = {isa = PBXFileReference; fileEncoding = 4; lastKnownFileType = sourcecode.c.h; path = hknw.h; sourceTree = "<group>"; };
		9CD212661D78602F00FC4121 /* hknwChara.c */ = {isa = PBXFileReference; fileEncoding = 4; lastKnownFileType = sourcecode.c.c; path = hknwChara.c; sourceTree = "<group>"; };
		9CD212671D78602F00FC4121 /* hknwCharaList.c */ = {isa = PBXFileReference; fileEncoding = 4; lastKnownFileType = sourcecode.c.c; path = hknwCharaList.c; sourceTree = "<group>"; };
		9CD212681D78602F00FC4121 /* hknwMap.c */ = {isa = PBXFileReference; fileEncoding = 4; lastKnownFileType = sourcecode.c.c; path = hknwMap.c; sourceTree = "<group>"; };
		9CD212691D78602F00FC4121 /* parts.h */ = {isa = PBXFileReference; fileEncoding = 4; lastKnownFileType = sourcecode.c.h; path = parts.h; sourceTree = "<group>"; };
		9CD2126A1D78602F00FC4121 /* partsButton.c */ = {isa = PBXFileReference; fileEncoding = 4; lastKnownFileType = sourcecode.c.c; path = partsButton.c; sourceTree = "<group>"; };
		9CD2126B1D78602F00FC4121 /* partsButtonMemory.c */ = {isa = PBXFileReference; fileEncoding = 4; lastKnownFileType = sourcecode.c.c; path = partsButtonMemory.c; sourceTree = "<group>"; };
		9CD2126C1D78602F00FC4121 /* partsPopupItemAsk.c */ = {isa = PBXFileReference; fileEncoding = 4; lastKnownFileType = sourcecode.c.c; path = partsPopupItemAsk.c; sourceTree = "<group>"; };
		9CD2126D1D78602F00FC4121 /* partsPopupItemInfo.c */ = {isa = PBXFileReference; fileEncoding = 4; lastKnownFileType = sourcecode.c.c; path = partsPopupItemInfo.c; sourceTree = "<group>"; };
		9CD2126E1D78602F00FC4121 /* partsPopupItemSelect.c */ = {isa = PBXFileReference; fileEncoding = 4; lastKnownFileType = sourcecode.c.c; path = partsPopupItemSelect.c; sourceTree = "<group>"; };
		9CD2126F1D78602F00FC4121 /* partsPopupMoneyInfo.c */ = {isa = PBXFileReference; fileEncoding = 4; lastKnownFileType = sourcecode.c.c; path = partsPopupMoneyInfo.c; sourceTree = "<group>"; };
		9CD212701D78602F00FC4121 /* partsPopupPicker.c */ = {isa = PBXFileReference; fileEncoding = 4; lastKnownFileType = sourcecode.c.c; path = partsPopupPicker.c; sourceTree = "<group>"; };
		9CD212711D78602F00FC4121 /* partsPopupPuppetProfile.c */ = {isa = PBXFileReference; fileEncoding = 4; lastKnownFileType = sourcecode.c.c; path = partsPopupPuppetProfile.c; sourceTree = "<group>"; };
		9CD212721D78602F00FC4121 /* partsPopupTutorial.c */ = {isa = PBXFileReference; fileEncoding = 4; lastKnownFileType = sourcecode.c.c; path = partsPopupTutorial.c; sourceTree = "<group>"; };
		9CD212731D78602F00FC4121 /* storage.h */ = {isa = PBXFileReference; fileEncoding = 4; lastKnownFileType = sourcecode.c.h; path = storage.h; sourceTree = "<group>"; };
		9CD212741D78602F00FC4121 /* storageDataDynamicAtelier.c */ = {isa = PBXFileReference; fileEncoding = 4; lastKnownFileType = sourcecode.c.c; path = storageDataDynamicAtelier.c; sourceTree = "<group>"; };
		9CD212751D78602F00FC4121 /* storageDataDynamicField.c */ = {isa = PBXFileReference; fileEncoding = 4; lastKnownFileType = sourcecode.c.c; path = storageDataDynamicField.c; sourceTree = "<group>"; };
		9CD212761D78602F00FC4121 /* storageDataDynamicMeister.c */ = {isa = PBXFileReference; fileEncoding = 4; lastKnownFileType = sourcecode.c.c; path = storageDataDynamicMeister.c; sourceTree = "<group>"; };
		9CD212771D78602F00FC4121 /* storageDataDynamicPuppet.c */ = {isa = PBXFileReference; fileEncoding = 4; lastKnownFileType = sourcecode.c.c; path = storageDataDynamicPuppet.c; sourceTree = "<group>"; };
		9CD212781D78602F00FC4121 /* storageDataDynamicStatus.c */ = {isa = PBXFileReference; fileEncoding = 4; lastKnownFileType = sourcecode.c.c; path = storageDataDynamicStatus.c; sourceTree = "<group>"; };
		9CD212791D78602F00FC4121 /* storageDataGraphicBackground.c */ = {isa = PBXFileReference; fileEncoding = 4; lastKnownFileType = sourcecode.c.c; path = storageDataGraphicBackground.c; sourceTree = "<group>"; };
		9CD2127A1D78602F00FC4121 /* storageDataStaticEnemy.c */ = {isa = PBXFileReference; fileEncoding = 4; lastKnownFileType = sourcecode.c.c; path = storageDataStaticEnemy.c; sourceTree = "<group>"; };
		9CD2127B1D78602F00FC4121 /* storageDataStaticField.c */ = {isa = PBXFileReference; fileEncoding = 4; lastKnownFileType = sourcecode.c.c; path = storageDataStaticField.c; sourceTree = "<group>"; };
		9CD2127C1D78602F00FC4121 /* storageDataStaticGacha.c */ = {isa = PBXFileReference; fileEncoding = 4; lastKnownFileType = sourcecode.c.c; path = storageDataStaticGacha.c; sourceTree = "<group>"; };
		9CD2127D1D78602F00FC4121 /* storageDataStaticMeister.c */ = {isa = PBXFileReference; fileEncoding = 4; lastKnownFileType = sourcecode.c.c; path = storageDataStaticMeister.c; sourceTree = "<group>"; };
		9CD2127E1D78602F00FC4121 /* storageDataStaticPuppet.c */ = {isa = PBXFileReference; fileEncoding = 4; lastKnownFileType = sourcecode.c.c; path = storageDataStaticPuppet.c; sourceTree = "<group>"; };
		9CD2127F1D78602F00FC4121 /* storageMain.c */ = {isa = PBXFileReference; fileEncoding = 4; lastKnownFileType = sourcecode.c.c; path = storageMain.c; sourceTree = "<group>"; };
		9CD212801D78602F00FC4121 /* storageSetting.c */ = {isa = PBXFileReference; fileEncoding = 4; lastKnownFileType = sourcecode.c.c; path = storageSetting.c; sourceTree = "<group>"; };
		9CD212811D78602F00FC4121 /* util.h */ = {isa = PBXFileReference; fileEncoding = 4; lastKnownFileType = sourcecode.c.h; path = util.h; sourceTree = "<group>"; };
		9CD212821D78602F00FC4121 /* utilMain.c */ = {isa = PBXFileReference; fileEncoding = 4; lastKnownFileType = sourcecode.c.c; path = utilMain.c; sourceTree = "<group>"; };
		9CD212831D78602F00FC4121 /* utilParameter.c */ = {isa = PBXFileReference; fileEncoding = 4; lastKnownFileType = sourcecode.c.c; path = utilParameter.c; sourceTree = "<group>"; };
		9CD212841D78602F00FC4121 /* utilSound.c */ = {isa = PBXFileReference; fileEncoding = 4; lastKnownFileType = sourcecode.c.c; path = utilSound.c; sourceTree = "<group>"; };
		9CD212871D78602F00FC4121 /* engineCtrl.h */ = {isa = PBXFileReference; fileEncoding = 4; lastKnownFileType = sourcecode.c.h; path = engineCtrl.h; sourceTree = "<group>"; };
		9CD212881D78602F00FC4121 /* engineCtrlTouch.c */ = {isa = PBXFileReference; fileEncoding = 4; lastKnownFileType = sourcecode.c.c; path = engineCtrlTouch.c; sourceTree = "<group>"; };
		9CD2128A1D78602F00FC4121 /* engineData.h */ = {isa = PBXFileReference; fileEncoding = 4; lastKnownFileType = sourcecode.c.h; path = engineData.h; sourceTree = "<group>"; };
		9CD2128B1D78602F00FC4121 /* engineDataBase64.c */ = {isa = PBXFileReference; fileEncoding = 4; lastKnownFileType = sourcecode.c.c; path = engineDataBase64.c; sourceTree = "<group>"; };
		9CD2128C1D78602F00FC4121 /* engineDataJson.c */ = {isa = PBXFileReference; fileEncoding = 4; lastKnownFileType = sourcecode.c.c; path = engineDataJson.c; sourceTree = "<group>"; };
		9CD2128D1D78602F00FC4121 /* engineDataRequest.c */ = {isa = PBXFileReference; fileEncoding = 4; lastKnownFileType = sourcecode.c.c; path = engineDataRequest.c; sourceTree = "<group>"; };
		9CD2128F1D78602F00FC4121 /* engineGraphic.h */ = {isa = PBXFileReference; fileEncoding = 4; lastKnownFileType = sourcecode.c.h; path = engineGraphic.h; sourceTree = "<group>"; };
		9CD212901D78602F00FC4121 /* engineGraphicBuffer.c */ = {isa = PBXFileReference; fileEncoding = 4; lastKnownFileType = sourcecode.c.c; path = engineGraphicBuffer.c; sourceTree = "<group>"; };
		9CD212911D78602F00FC4121 /* engineGraphicEngine.c */ = {isa = PBXFileReference; fileEncoding = 4; lastKnownFileType = sourcecode.c.c; path = engineGraphicEngine.c; sourceTree = "<group>"; };
		9CD212921D78602F00FC4121 /* engineGraphicMain.c */ = {isa = PBXFileReference; fileEncoding = 4; lastKnownFileType = sourcecode.c.c; path = engineGraphicMain.c; sourceTree = "<group>"; };
		9CD212931D78602F00FC4121 /* engineGraphicObject.c */ = {isa = PBXFileReference; fileEncoding = 4; lastKnownFileType = sourcecode.c.c; path = engineGraphicObject.c; sourceTree = "<group>"; };
		9CD212941D78602F00FC4121 /* engineGraphicShader.c */ = {isa = PBXFileReference; fileEncoding = 4; lastKnownFileType = sourcecode.c.c; path = engineGraphicShader.c; sourceTree = "<group>"; };
		9CD212961D78602F00FC4121 /* engineMath.h */ = {isa = PBXFileReference; fileEncoding = 4; lastKnownFileType = sourcecode.c.h; path = engineMath.h; sourceTree = "<group>"; };
		9CD212971D78602F00FC4121 /* engineMathFunction.c */ = {isa = PBXFileReference; fileEncoding = 4; lastKnownFileType = sourcecode.c.c; path = engineMathFunction.c; sourceTree = "<group>"; };
		9CD212981D78602F00FC4121 /* engineMathMatrix.c */ = {isa = PBXFileReference; fileEncoding = 4; lastKnownFileType = sourcecode.c.c; path = engineMathMatrix.c; sourceTree = "<group>"; };
		9CD212991D78602F00FC4121 /* engineMathRandom.c */ = {isa = PBXFileReference; fileEncoding = 4; lastKnownFileType = sourcecode.c.c; path = engineMathRandom.c; sourceTree = "<group>"; };
		9CD2129B1D78602F00FC4121 /* engineUtil.h */ = {isa = PBXFileReference; fileEncoding = 4; lastKnownFileType = sourcecode.c.h; path = engineUtil.h; sourceTree = "<group>"; };
		9CD2129C1D78602F00FC4121 /* engineUtilMemory.c */ = {isa = PBXFileReference; fileEncoding = 4; lastKnownFileType = sourcecode.c.c; path = engineUtilMemory.c; sourceTree = "<group>"; };
		9CD2129D1D78602F00FC4121 /* game.h */ = {isa = PBXFileReference; fileEncoding = 4; lastKnownFileType = sourcecode.c.h; path = game.h; sourceTree = "<group>"; };
		9CD2129E1D78602F00FC4121 /* gameEvent.c */ = {isa = PBXFileReference; fileEncoding = 4; lastKnownFileType = sourcecode.c.c; path = gameEvent.c; sourceTree = "<group>"; };
		9CD2129F1D78602F00FC4121 /* gameMain.c */ = {isa = PBXFileReference; fileEncoding = 4; lastKnownFileType = sourcecode.c.c; path = gameMain.c; sourceTree = "<group>"; };
		9CD212A01D78602F00FC4121 /* includeAll.h */ = {isa = PBXFileReference; fileEncoding = 4; lastKnownFileType = sourcecode.c.h; path = includeAll.h; sourceTree = "<group>"; };
		9CD212A11D78602F00FC4121 /* library.h */ = {isa = PBXFileReference; fileEncoding = 4; lastKnownFileType = sourcecode.c.h; path = library.h; sourceTree = "<group>"; };
		9CD212A31D78602F00FC4121 /* pageTest.h */ = {isa = PBXFileReference; fileEncoding = 4; lastKnownFileType = sourcecode.c.h; path = pageTest.h; sourceTree = "<group>"; };
		9CD212A41D78602F00FC4121 /* pageTestInit.c */ = {isa = PBXFileReference; fileEncoding = 4; lastKnownFileType = sourcecode.c.c; path = pageTestInit.c; sourceTree = "<group>"; };
		9CD212A51D78602F00FC4121 /* pageTestMain.c */ = {isa = PBXFileReference; fileEncoding = 4; lastKnownFileType = sourcecode.c.c; path = pageTestMain.c; sourceTree = "<group>"; };
		9CD212A61D78602F00FC4121 /* popupTestTest.c */ = {isa = PBXFileReference; fileEncoding = 4; lastKnownFileType = sourcecode.c.c; path = popupTestTest.c; sourceTree = "<group>"; };
		9CD212A81D78602F00FC4121 /* pageTop.h */ = {isa = PBXFileReference; fileEncoding = 4; lastKnownFileType = sourcecode.c.h; path = pageTop.h; sourceTree = "<group>"; };
		9CD212A91D78602F00FC4121 /* pageTopInit.c */ = {isa = PBXFileReference; fileEncoding = 4; lastKnownFileType = sourcecode.c.c; path = pageTopInit.c; sourceTree = "<group>"; };
		9CD212AA1D78602F00FC4121 /* pageTopMain.c */ = {isa = PBXFileReference; fileEncoding = 4; lastKnownFileType = sourcecode.c.c; path = pageTopMain.c; sourceTree = "<group>"; };
		9CD212AB1D78602F00FC4121 /* popupTopCredit.c */ = {isa = PBXFileReference; fileEncoding = 4; lastKnownFileType = sourcecode.c.c; path = popupTopCredit.c; sourceTree = "<group>"; };
		9CD212AC1D78602F00FC4121 /* popupTopManual.c */ = {isa = PBXFileReference; fileEncoding = 4; lastKnownFileType = sourcecode.c.c; path = popupTopManual.c; sourceTree = "<group>"; };
		9CD212AD1D78602F00FC4121 /* popupTopOption.c */ = {isa = PBXFileReference; fileEncoding = 4; lastKnownFileType = sourcecode.c.c; path = popupTopOption.c; sourceTree = "<group>"; };
		9CD212AF1D78602F00FC4121 /* buttonAtelierGacha.c */ = {isa = PBXFileReference; fileEncoding = 4; lastKnownFileType = sourcecode.c.c; path = buttonAtelierGacha.c; sourceTree = "<group>"; };
		9CD212B01D78602F00FC4121 /* buttonAtelierMeister.c */ = {isa = PBXFileReference; fileEncoding = 4; lastKnownFileType = sourcecode.c.c; path = buttonAtelierMeister.c; sourceTree = "<group>"; };
		9CD212B11D78602F00FC4121 /* buttonAtelierPuppet.c */ = {isa = PBXFileReference; fileEncoding = 4; lastKnownFileType = sourcecode.c.c; path = buttonAtelierPuppet.c; sourceTree = "<group>"; };
		9CD212B21D78602F00FC4121 /* pageAtelier.h */ = {isa = PBXFileReference; fileEncoding = 4; lastKnownFileType = sourcecode.c.h; path = pageAtelier.h; sourceTree = "<group>"; };
		9CD212B31D78602F00FC4121 /* pageAtelierInit.c */ = {isa = PBXFileReference; fileEncoding = 4; lastKnownFileType = sourcecode.c.c; path = pageAtelierInit.c; sourceTree = "<group>"; };
		9CD212B41D78602F00FC4121 /* pageAtelierMain.c */ = {isa = PBXFileReference; fileEncoding = 4; lastKnownFileType = sourcecode.c.c; path = pageAtelierMain.c; sourceTree = "<group>"; };
		9CD212B51D78602F00FC4121 /* popupAtelierGacha.c */ = {isa = PBXFileReference; fileEncoding = 4; lastKnownFileType = sourcecode.c.c; path = popupAtelierGacha.c; sourceTree = "<group>"; };
		9CD212B61D78602F00FC4121 /* popupAtelierGachaResult.c */ = {isa = PBXFileReference; fileEncoding = 4; lastKnownFileType = sourcecode.c.c; path = popupAtelierGachaResult.c; sourceTree = "<group>"; };
		9CD212B71D78602F00FC4121 /* popupAtelierMeisterList.c */ = {isa = PBXFileReference; fileEncoding = 4; lastKnownFileType = sourcecode.c.c; path = popupAtelierMeisterList.c; sourceTree = "<group>"; };
		9CD212B81D78602F00FC4121 /* popupAtelierPuppetList.c */ = {isa = PBXFileReference; fileEncoding = 4; lastKnownFileType = sourcecode.c.c; path = popupAtelierPuppetList.c; sourceTree = "<group>"; };
		9CD212BA1D78602F00FC4121 /* pageField.h */ = {isa = PBXFileReference; fileEncoding = 4; lastKnownFileType = sourcecode.c.h; path = pageField.h; sourceTree = "<group>"; };
		9CD212BB1D78602F00FC4121 /* pageFieldInit.c */ = {isa = PBXFileReference; fileEncoding = 4; lastKnownFileType = sourcecode.c.c; path = pageFieldInit.c; sourceTree = "<group>"; };
		9CD212BC1D78602F00FC4121 /* pageFieldMain.c */ = {isa = PBXFileReference; fileEncoding = 4; lastKnownFileType = sourcecode.c.c; path = pageFieldMain.c; sourceTree = "<group>"; };
		9CD212BD1D78602F00FC4121 /* popupFieldInfo.c */ = {isa = PBXFileReference; fileEncoding = 4; lastKnownFileType = sourcecode.c.c; path = popupFieldInfo.c; sourceTree = "<group>"; };
		9CD212BE1D78602F00FC4121 /* popupFieldOpen.c */ = {isa = PBXFileReference; fileEncoding = 4; lastKnownFileType = sourcecode.c.c; path = popupFieldOpen.c; sourceTree = "<group>"; };
		9CD212C01D78602F00FC4121 /* pageJump.h */ = {isa = PBXFileReference; fileEncoding = 4; lastKnownFileType = sourcecode.c.h; path = pageJump.h; sourceTree = "<group>"; };
		9CD212C11D78602F00FC4121 /* pageJumpInit.c */ = {isa = PBXFileReference; fileEncoding = 4; lastKnownFileType = sourcecode.c.c; path = pageJumpInit.c; sourceTree = "<group>"; };
		9CD212C21D78602F00FC4121 /* pageJumpMain.c */ = {isa = PBXFileReference; fileEncoding = 4; lastKnownFileType = sourcecode.c.c; path = pageJumpMain.c; sourceTree = "<group>"; };
		9CD212C31D78602F00FC4121 /* popupJumpEscape.c */ = {isa = PBXFileReference; fileEncoding = 4; lastKnownFileType = sourcecode.c.c; path = popupJumpEscape.c; sourceTree = "<group>"; };
		9CD212C41D78602F00FC4121 /* popupJumpResultLose.c */ = {isa = PBXFileReference; fileEncoding = 4; lastKnownFileType = sourcecode.c.c; path = popupJumpResultLose.c; sourceTree = "<group>"; };
		9CD212C51D78602F00FC4121 /* popupJumpResultWin.c */ = {isa = PBXFileReference; fileEncoding = 4; lastKnownFileType = sourcecode.c.c; path = popupJumpResultWin.c; sourceTree = "<group>"; };
		9CD212C71D78602F00FC4121 /* pluginData.h */ = {isa = PBXFileReference; fileEncoding = 4; lastKnownFileType = sourcecode.c.h; path = pluginData.h; sourceTree = "<group>"; };
		9CD212C81D78602F00FC4121 /* pluginDataCallback.c */ = {isa = PBXFileReference; fileEncoding = 4; lastKnownFileType = sourcecode.c.c; path = pluginDataCallback.c; sourceTree = "<group>"; };
		9CD212C91D78602F00FC4121 /* pluginEnpty.c */ = {isa = PBXFileReference; fileEncoding = 4; lastKnownFileType = sourcecode.c.c; path = pluginEnpty.c; sourceTree = "<group>"; };
		9CD212CA1D78602F00FC4121 /* pluginEnpty.h */ = {isa = PBXFileReference; fileEncoding = 4; lastKnownFileType = sourcecode.c.h; path = pluginEnpty.h; sourceTree = "<group>"; };
		9CD212CB1D78602F00FC4121 /* pluginPreference.h */ = {isa = PBXFileReference; fileEncoding = 4; lastKnownFileType = sourcecode.c.h; path = pluginPreference.h; sourceTree = "<group>"; };
		9CD212CC1D78602F00FC4121 /* pluginSecret.c */ = {isa = PBXFileReference; fileEncoding = 4; lastKnownFileType = sourcecode.c.c; path = pluginSecret.c; sourceTree = "<group>"; };
		9CD212CD1D78602F00FC4121 /* pluginSecret.h */ = {isa = PBXFileReference; fileEncoding = 4; lastKnownFileType = sourcecode.c.h; path = pluginSecret.h; sourceTree = "<group>"; };
		9CD212CE1D78602F00FC4121 /* pluginSecretCoded.h */ = {isa = PBXFileReference; fileEncoding = 4; lastKnownFileType = sourcecode.c.h; path = pluginSecretCoded.h; sourceTree = "<group>"; };
		9CD212CF1D78602F00FC4121 /* pluginSound.h */ = {isa = PBXFileReference; fileEncoding = 4; lastKnownFileType = sourcecode.c.h; path = pluginSound.h; sourceTree = "<group>"; };
		9CD212D01D78602F00FC4121 /* pluginTexture.h */ = {isa = PBXFileReference; fileEncoding = 4; lastKnownFileType = sourcecode.c.h; path = pluginTexture.h; sourceTree = "<group>"; };
		9CD212D11D78602F00FC4121 /* pluginTextureCallback.c */ = {isa = PBXFileReference; fileEncoding = 4; lastKnownFileType = sourcecode.c.c; path = pluginTextureCallback.c; sourceTree = "<group>"; };
		9CD212D21D78602F00FC4121 /* pluginTextureMemory.c */ = {isa = PBXFileReference; fileEncoding = 4; lastKnownFileType = sourcecode.c.c; path = pluginTextureMemory.c; sourceTree = "<group>"; };
		9CD212D31D78602F00FC4121 /* pluginUtil.h */ = {isa = PBXFileReference; fileEncoding = 4; lastKnownFileType = sourcecode.c.h; path = pluginUtil.h; sourceTree = "<group>"; };
		9CD212D41D78602F00FC4121 /* pluginUtilCallback.c */ = {isa = PBXFileReference; fileEncoding = 4; lastKnownFileType = sourcecode.c.c; path = pluginUtilCallback.c; sourceTree = "<group>"; };
		9CD212D51D78602F00FC4121 /* pluginUtilMemory.c */ = {isa = PBXFileReference; fileEncoding = 4; lastKnownFileType = sourcecode.c.c; path = pluginUtilMemory.c; sourceTree = "<group>"; };
		9CD212D61D78602F00FC4121 /* pluginUtilUrl.c */ = {isa = PBXFileReference; fileEncoding = 4; lastKnownFileType = sourcecode.c.c; path = pluginUtilUrl.c; sourceTree = "<group>"; };
		9CD212D81D78602F00FC4121 /* fuhaha-bridgingHeader.h */ = {isa = PBXFileReference; fileEncoding = 4; lastKnownFileType = sourcecode.c.h; path = "fuhaha-bridgingHeader.h"; sourceTree = "<group>"; };
		9CD212D91D78602F00FC4121 /* FuhahaEvent.swift */ = {isa = PBXFileReference; fileEncoding = 4; lastKnownFileType = sourcecode.swift; path = FuhahaEvent.swift; sourceTree = "<group>"; };
		9CD212DA1D78602F00FC4121 /* FuhahaGLViewController.swift */ = {isa = PBXFileReference; fileEncoding = 4; lastKnownFileType = sourcecode.swift; path = FuhahaGLViewController.swift; sourceTree = "<group>"; };
		9CD212DB1D78602F00FC4121 /* iosPluginData.m */ = {isa = PBXFileReference; fileEncoding = 4; lastKnownFileType = sourcecode.c.objc; path = iosPluginData.m; sourceTree = "<group>"; };
		9CD212DC1D78602F00FC4121 /* IosPluginData.swift */ = {isa = PBXFileReference; fileEncoding = 4; lastKnownFileType = sourcecode.swift; path = IosPluginData.swift; sourceTree = "<group>"; };
		9CD212DD1D78602F00FC4121 /* iosPluginEnpty.m */ = {isa = PBXFileReference; fileEncoding = 4; lastKnownFileType = sourcecode.c.objc; path = iosPluginEnpty.m; sourceTree = "<group>"; };
		9CD212DE1D78602F00FC4121 /* IosPluginEnpty.swift */ = {isa = PBXFileReference; fileEncoding = 4; lastKnownFileType = sourcecode.swift; path = IosPluginEnpty.swift; sourceTree = "<group>"; };
		9CD212DF1D78602F00FC4121 /* iosPluginPreference.m */ = {isa = PBXFileReference; fileEncoding = 4; lastKnownFileType = sourcecode.c.objc; path = iosPluginPreference.m; sourceTree = "<group>"; };
		9CD212E01D78602F00FC4121 /* IosPluginPreference.swift */ = {isa = PBXFileReference; fileEncoding = 4; lastKnownFileType = sourcecode.swift; path = IosPluginPreference.swift; sourceTree = "<group>"; };
		9CD212E11D78602F00FC4121 /* IosPluginSecret.swift */ = {isa = PBXFileReference; fileEncoding = 4; lastKnownFileType = sourcecode.swift; path = IosPluginSecret.swift; sourceTree = "<group>"; };
		9CD212E21D78602F00FC4121 /* iosPluginSound.m */ = {isa = PBXFileReference; fileEncoding = 4; lastKnownFileType = sourcecode.c.objc; path = iosPluginSound.m; sourceTree = "<group>"; };
		9CD212E31D78602F00FC4121 /* IosPluginSound.swift */ = {isa = PBXFileReference; fileEncoding = 4; lastKnownFileType = sourcecode.swift; path = IosPluginSound.swift; sourceTree = "<group>"; };
		9CD212E41D78602F00FC4121 /* iosPluginTexture.m */ = {isa = PBXFileReference; fileEncoding = 4; lastKnownFileType = sourcecode.c.objc; path = iosPluginTexture.m; sourceTree = "<group>"; };
		9CD212E51D78602F00FC4121 /* IosPluginTexture.swift */ = {isa = PBXFileReference; fileEncoding = 4; lastKnownFileType = sourcecode.swift; path = IosPluginTexture.swift; sourceTree = "<group>"; };
		9CD212E61D78602F00FC4121 /* iosPluginUtil.m */ = {isa = PBXFileReference; fileEncoding = 4; lastKnownFileType = sourcecode.c.objc; path = iosPluginUtil.m; sourceTree = "<group>"; };
		9CD212E71D78602F00FC4121 /* IosPluginUtil.swift */ = {isa = PBXFileReference; fileEncoding = 4; lastKnownFileType = sourcecode.swift; path = IosPluginUtil.swift; sourceTree = "<group>"; };
		9CD212E81D78602F00FC4121 /* native.h */ = {isa = PBXFileReference; fileEncoding = 4; lastKnownFileType = sourcecode.c.h; path = native.h; sourceTree = "<group>"; };
		9CD212E91D78602F00FC4121 /* nativeMain.m */ = {isa = PBXFileReference; fileEncoding = 4; lastKnownFileType = sourcecode.c.objc; path = nativeMain.m; sourceTree = "<group>"; };
		9CD212EA1D78602F00FC4121 /* platform.h */ = {isa = PBXFileReference; fileEncoding = 4; lastKnownFileType = sourcecode.c.h; path = platform.h; sourceTree = "<group>"; };
		9CD213531D78617F00FC4121 /* data.c */ = {isa = PBXFileReference; fileEncoding = 4; lastKnownFileType = sourcecode.c.c; path = data.c; sourceTree = "<group>"; };
		9CD213541D78617F00FC4121 /* data.h */ = {isa = PBXFileReference; fileEncoding = 4; lastKnownFileType = sourcecode.c.h; path = data.h; sourceTree = "<group>"; };
		CBE7164124FC6F2ED49758E9 /* Pods.release.xcconfig */ = {isa = PBXFileReference; includeInIndex = 1; lastKnownFileType = text.xcconfig; name = Pods.release.xcconfig; path = "Pods/Target Support Files/Pods/Pods.release.xcconfig"; sourceTree = "<group>"; };
		CD8B7538C5C3216B88EBC6F9 /* Pods.debug.xcconfig */ = {isa = PBXFileReference; includeInIndex = 1; lastKnownFileType = text.xcconfig; name = Pods.debug.xcconfig; path = "Pods/Target Support Files/Pods/Pods.debug.xcconfig"; sourceTree = "<group>"; };
/* End PBXFileReference section */

/* Begin PBXFrameworksBuildPhase section */
		9C8D02361C99CCEB00F2CFFB /* Frameworks */ = {
			isa = PBXFrameworksBuildPhase;
			buildActionMask = 2147483647;
			files = (
				DE7F3DB2403D16D99B4FB5B8 /* libPods.a in Frameworks */,
			);
			runOnlyForDeploymentPostprocessing = 0;
		};
/* End PBXFrameworksBuildPhase section */

/* Begin PBXGroup section */
		439DB001C8154CE6DAD7BCE3 /* Pods */ = {
			isa = PBXGroup;
			children = (
				CD8B7538C5C3216B88EBC6F9 /* Pods.debug.xcconfig */,
				CBE7164124FC6F2ED49758E9 /* Pods.release.xcconfig */,
			);
			name = Pods;
			sourceTree = "<group>";
		};
		9C8D02301C99CCEB00F2CFFB = {
			isa = PBXGroup;
			children = (
				9CD2125B1D78602F00FC4121 /* core */,
				9CD212D71D78602F00FC4121 /* platform_ios */,
				9C5C56EF1CE71FDE00757A8A /* assets */,
				9CD213521D78617F00FC4121 /* data */,
				9C8D023B1C99CCEB00F2CFFB /* fuhaha */,
				9C8D023A1C99CCEB00F2CFFB /* Products */,
				439DB001C8154CE6DAD7BCE3 /* Pods */,
				ED1337081038792B1439E790 /* Frameworks */,
			);
			sourceTree = "<group>";
		};
		9C8D023A1C99CCEB00F2CFFB /* Products */ = {
			isa = PBXGroup;
			children = (
				9C8D02391C99CCEB00F2CFFB /* fuhaha.app */,
			);
			name = Products;
			sourceTree = "<group>";
		};
		9C8D023B1C99CCEB00F2CFFB /* fuhaha */ = {
			isa = PBXGroup;
			children = (
				9C8D023C1C99CCEB00F2CFFB /* AppDelegate.swift */,
				9C8D02431C99CCEB00F2CFFB /* Assets.xcassets */,
				9C8D02481C99CCEB00F2CFFB /* Info.plist */,
				9C3553941D79018700B58FC5 /* InfoPlist.strings */,
				9C8D02451C99CCEB00F2CFFB /* LaunchScreen.storyboard */,
				9C8D02401C99CCEB00F2CFFB /* Main.storyboard */,
				9C31DAD91D7749B400472C89 /* splash.png */,
				9C8D023E1C99CCEB00F2CFFB /* ViewController.swift */,
			);
			path = fuhaha;
			sourceTree = "<group>";
		};
		9CD2125B1D78602F00FC4121 /* core */ = {
			isa = PBXGroup;
			children = (
				9CD2125C1D78602F00FC4121 /* common */,
				9CD212851D78602F00FC4121 /* engine */,
				9CD2129D1D78602F00FC4121 /* game.h */,
				9CD2129E1D78602F00FC4121 /* gameEvent.c */,
				9CD2129F1D78602F00FC4121 /* gameMain.c */,
				9CD212A01D78602F00FC4121 /* includeAll.h */,
				9CD212A11D78602F00FC4121 /* library.h */,
				9CD212A21D78602F00FC4121 /* page00test */,
				9CD212A71D78602F00FC4121 /* page01top */,
				9CD212AE1D78602F00FC4121 /* page02atelier */,
				9CD212B91D78602F00FC4121 /* page03field */,
				9CD212BF1D78602F00FC4121 /* page04jump */,
				9CD212C61D78602F00FC4121 /* plugin */,
			);
			name = core;
			path = ../../src_client/core;
			sourceTree = "<group>";
		};
		9CD2125C1D78602F00FC4121 /* common */ = {
			isa = PBXGroup;
			children = (
				9CD2125D1D78602F00FC4121 /* cartridge.h */,
				9CD2125E1D78602F00FC4121 /* cartridgePage.c */,
				9CD2125F1D78602F00FC4121 /* cartridgePopup.c */,
				9CD212601D78602F00FC4121 /* controller.h */,
				9CD212611D78602F00FC4121 /* controllerBtn.c */,
				9CD212621D78602F00FC4121 /* e3dUtil.h */,
				9CD212631D78602F00FC4121 /* e3dUtilImage.c */,
				9CD212641D78602F00FC4121 /* e3dUtilMain.c */,
				9CD212651D78602F00FC4121 /* hknw.h */,
				9CD212661D78602F00FC4121 /* hknwChara.c */,
				9CD212671D78602F00FC4121 /* hknwCharaList.c */,
				9CD212681D78602F00FC4121 /* hknwMap.c */,
				9CD212691D78602F00FC4121 /* parts.h */,
				9CD2126A1D78602F00FC4121 /* partsButton.c */,
				9CD2126B1D78602F00FC4121 /* partsButtonMemory.c */,
				9CD2126C1D78602F00FC4121 /* partsPopupItemAsk.c */,
				9CD2126D1D78602F00FC4121 /* partsPopupItemInfo.c */,
				9CD2126E1D78602F00FC4121 /* partsPopupItemSelect.c */,
				9CD2126F1D78602F00FC4121 /* partsPopupMoneyInfo.c */,
				9CD212701D78602F00FC4121 /* partsPopupPicker.c */,
				9CD212711D78602F00FC4121 /* partsPopupPuppetProfile.c */,
				9CD212721D78602F00FC4121 /* partsPopupTutorial.c */,
				9CD212731D78602F00FC4121 /* storage.h */,
				9CD212741D78602F00FC4121 /* storageDataDynamicAtelier.c */,
				9CD212751D78602F00FC4121 /* storageDataDynamicField.c */,
				9CD212761D78602F00FC4121 /* storageDataDynamicMeister.c */,
				9CD212771D78602F00FC4121 /* storageDataDynamicPuppet.c */,
				9CD212781D78602F00FC4121 /* storageDataDynamicStatus.c */,
				9CD212791D78602F00FC4121 /* storageDataGraphicBackground.c */,
				9CD2127A1D78602F00FC4121 /* storageDataStaticEnemy.c */,
				9CD2127B1D78602F00FC4121 /* storageDataStaticField.c */,
				9CD2127C1D78602F00FC4121 /* storageDataStaticGacha.c */,
				9CD2127D1D78602F00FC4121 /* storageDataStaticMeister.c */,
				9CD2127E1D78602F00FC4121 /* storageDataStaticPuppet.c */,
				9CD2127F1D78602F00FC4121 /* storageMain.c */,
				9CD212801D78602F00FC4121 /* storageSetting.c */,
				9CD212811D78602F00FC4121 /* util.h */,
				9CD212821D78602F00FC4121 /* utilMain.c */,
				9CD212831D78602F00FC4121 /* utilParameter.c */,
				9CD212841D78602F00FC4121 /* utilSound.c */,
			);
			path = common;
			sourceTree = "<group>";
		};
		9CD212851D78602F00FC4121 /* engine */ = {
			isa = PBXGroup;
			children = (
				9CD212861D78602F00FC4121 /* engineCtrl */,
				9CD212891D78602F00FC4121 /* engineData */,
				9CD2128E1D78602F00FC4121 /* engineGraphic */,
				9CD212951D78602F00FC4121 /* engineMath */,
				9CD2129A1D78602F00FC4121 /* engineUtil */,
			);
			path = engine;
			sourceTree = "<group>";
		};
		9CD212861D78602F00FC4121 /* engineCtrl */ = {
			isa = PBXGroup;
			children = (
				9CD212871D78602F00FC4121 /* engineCtrl.h */,
				9CD212881D78602F00FC4121 /* engineCtrlTouch.c */,
			);
			path = engineCtrl;
			sourceTree = "<group>";
		};
		9CD212891D78602F00FC4121 /* engineData */ = {
			isa = PBXGroup;
			children = (
				9CD2128A1D78602F00FC4121 /* engineData.h */,
				9CD2128B1D78602F00FC4121 /* engineDataBase64.c */,
				9CD2128C1D78602F00FC4121 /* engineDataJson.c */,
				9CD2128D1D78602F00FC4121 /* engineDataRequest.c */,
			);
			path = engineData;
			sourceTree = "<group>";
		};
		9CD2128E1D78602F00FC4121 /* engineGraphic */ = {
			isa = PBXGroup;
			children = (
				9CD2128F1D78602F00FC4121 /* engineGraphic.h */,
				9CD212901D78602F00FC4121 /* engineGraphicBuffer.c */,
				9CD212911D78602F00FC4121 /* engineGraphicEngine.c */,
				9CD212921D78602F00FC4121 /* engineGraphicMain.c */,
				9CD212931D78602F00FC4121 /* engineGraphicObject.c */,
				9CD212941D78602F00FC4121 /* engineGraphicShader.c */,
			);
			path = engineGraphic;
			sourceTree = "<group>";
		};
		9CD212951D78602F00FC4121 /* engineMath */ = {
			isa = PBXGroup;
			children = (
				9CD212961D78602F00FC4121 /* engineMath.h */,
				9CD212971D78602F00FC4121 /* engineMathFunction.c */,
				9CD212981D78602F00FC4121 /* engineMathMatrix.c */,
				9CD212991D78602F00FC4121 /* engineMathRandom.c */,
			);
			path = engineMath;
			sourceTree = "<group>";
		};
		9CD2129A1D78602F00FC4121 /* engineUtil */ = {
			isa = PBXGroup;
			children = (
				9CD2129B1D78602F00FC4121 /* engineUtil.h */,
				9CD2129C1D78602F00FC4121 /* engineUtilMemory.c */,
			);
			path = engineUtil;
			sourceTree = "<group>";
		};
		9CD212A21D78602F00FC4121 /* page00test */ = {
			isa = PBXGroup;
			children = (
				9CD212A31D78602F00FC4121 /* pageTest.h */,
				9CD212A41D78602F00FC4121 /* pageTestInit.c */,
				9CD212A51D78602F00FC4121 /* pageTestMain.c */,
				9CD212A61D78602F00FC4121 /* popupTestTest.c */,
			);
			path = page00test;
			sourceTree = "<group>";
		};
		9CD212A71D78602F00FC4121 /* page01top */ = {
			isa = PBXGroup;
			children = (
				9CD212A81D78602F00FC4121 /* pageTop.h */,
				9CD212A91D78602F00FC4121 /* pageTopInit.c */,
				9CD212AA1D78602F00FC4121 /* pageTopMain.c */,
				9CD212AB1D78602F00FC4121 /* popupTopCredit.c */,
				9CD212AC1D78602F00FC4121 /* popupTopManual.c */,
				9CD212AD1D78602F00FC4121 /* popupTopOption.c */,
			);
			path = page01top;
			sourceTree = "<group>";
		};
		9CD212AE1D78602F00FC4121 /* page02atelier */ = {
			isa = PBXGroup;
			children = (
				9CD212AF1D78602F00FC4121 /* buttonAtelierGacha.c */,
				9CD212B01D78602F00FC4121 /* buttonAtelierMeister.c */,
				9CD212B11D78602F00FC4121 /* buttonAtelierPuppet.c */,
				9CD212B21D78602F00FC4121 /* pageAtelier.h */,
				9CD212B31D78602F00FC4121 /* pageAtelierInit.c */,
				9CD212B41D78602F00FC4121 /* pageAtelierMain.c */,
				9CD212B51D78602F00FC4121 /* popupAtelierGacha.c */,
				9CD212B61D78602F00FC4121 /* popupAtelierGachaResult.c */,
				9CD212B71D78602F00FC4121 /* popupAtelierMeisterList.c */,
				9CD212B81D78602F00FC4121 /* popupAtelierPuppetList.c */,
			);
			path = page02atelier;
			sourceTree = "<group>";
		};
		9CD212B91D78602F00FC4121 /* page03field */ = {
			isa = PBXGroup;
			children = (
				9CD212BA1D78602F00FC4121 /* pageField.h */,
				9CD212BB1D78602F00FC4121 /* pageFieldInit.c */,
				9CD212BC1D78602F00FC4121 /* pageFieldMain.c */,
				9CD212BD1D78602F00FC4121 /* popupFieldInfo.c */,
				9CD212BE1D78602F00FC4121 /* popupFieldOpen.c */,
			);
			path = page03field;
			sourceTree = "<group>";
		};
		9CD212BF1D78602F00FC4121 /* page04jump */ = {
			isa = PBXGroup;
			children = (
				9CD212C01D78602F00FC4121 /* pageJump.h */,
				9CD212C11D78602F00FC4121 /* pageJumpInit.c */,
				9CD212C21D78602F00FC4121 /* pageJumpMain.c */,
				9CD212C31D78602F00FC4121 /* popupJumpEscape.c */,
				9CD212C41D78602F00FC4121 /* popupJumpResultLose.c */,
				9CD212C51D78602F00FC4121 /* popupJumpResultWin.c */,
			);
			path = page04jump;
			sourceTree = "<group>";
		};
		9CD212C61D78602F00FC4121 /* plugin */ = {
			isa = PBXGroup;
			children = (
				9CD212C71D78602F00FC4121 /* pluginData.h */,
				9CD212C81D78602F00FC4121 /* pluginDataCallback.c */,
				9CD212C91D78602F00FC4121 /* pluginEnpty.c */,
				9CD212CA1D78602F00FC4121 /* pluginEnpty.h */,
				9CD212CB1D78602F00FC4121 /* pluginPreference.h */,
				9CD212CC1D78602F00FC4121 /* pluginSecret.c */,
				9CD212CD1D78602F00FC4121 /* pluginSecret.h */,
				9CD212CE1D78602F00FC4121 /* pluginSecretCoded.h */,
				9CD212CF1D78602F00FC4121 /* pluginSound.h */,
				9CD212D01D78602F00FC4121 /* pluginTexture.h */,
				9CD212D11D78602F00FC4121 /* pluginTextureCallback.c */,
				9CD212D21D78602F00FC4121 /* pluginTextureMemory.c */,
				9CD212D31D78602F00FC4121 /* pluginUtil.h */,
				9CD212D41D78602F00FC4121 /* pluginUtilCallback.c */,
				9CD212D51D78602F00FC4121 /* pluginUtilMemory.c */,
				9CD212D61D78602F00FC4121 /* pluginUtilUrl.c */,
			);
			path = plugin;
			sourceTree = "<group>";
		};
		9CD212D71D78602F00FC4121 /* platform_ios */ = {
			isa = PBXGroup;
			children = (
				9CD212D81D78602F00FC4121 /* fuhaha-bridgingHeader.h */,
				9CD212D91D78602F00FC4121 /* FuhahaEvent.swift */,
				9CD212DA1D78602F00FC4121 /* FuhahaGLViewController.swift */,
				9CD212DB1D78602F00FC4121 /* iosPluginData.m */,
				9CD212DC1D78602F00FC4121 /* IosPluginData.swift */,
				9CD212DD1D78602F00FC4121 /* iosPluginEnpty.m */,
				9CD212DE1D78602F00FC4121 /* IosPluginEnpty.swift */,
				9CD212DF1D78602F00FC4121 /* iosPluginPreference.m */,
				9CD212E01D78602F00FC4121 /* IosPluginPreference.swift */,
				9CD212E11D78602F00FC4121 /* IosPluginSecret.swift */,
				9CD212E21D78602F00FC4121 /* iosPluginSound.m */,
				9CD212E31D78602F00FC4121 /* IosPluginSound.swift */,
				9CD212E41D78602F00FC4121 /* iosPluginTexture.m */,
				9CD212E51D78602F00FC4121 /* IosPluginTexture.swift */,
				9CD212E61D78602F00FC4121 /* iosPluginUtil.m */,
				9CD212E71D78602F00FC4121 /* IosPluginUtil.swift */,
				9CD212E81D78602F00FC4121 /* native.h */,
				9CD212E91D78602F00FC4121 /* nativeMain.m */,
				9CD212EA1D78602F00FC4121 /* platform.h */,
			);
			name = platform_ios;
			path = ../../src_client/platform_ios;
			sourceTree = "<group>";
		};
		9CD213521D78617F00FC4121 /* data */ = {
			isa = PBXGroup;
			children = (
				9CD213531D78617F00FC4121 /* data.c */,
				9CD213541D78617F00FC4121 /* data.h */,
			);
			name = data;
			path = ../../src_data/core;
			sourceTree = "<group>";
		};
		ED1337081038792B1439E790 /* Frameworks */ = {
			isa = PBXGroup;
			children = (
				7920FD4850A5EB31D2428945 /* libPods.a */,
			);
			name = Frameworks;
			sourceTree = "<group>";
		};
/* End PBXGroup section */

/* Begin PBXNativeTarget section */
		9C8D02381C99CCEB00F2CFFB /* fuhaha */ = {
			isa = PBXNativeTarget;
			buildConfigurationList = 9C8D024B1C99CCEB00F2CFFB /* Build configuration list for PBXNativeTarget "fuhaha" */;
			buildPhases = (
				9FAE850ADA6471AEC75285FE /* Check Pods Manifest.lock */,
				9C8D02351C99CCEB00F2CFFB /* Sources */,
				9C8D02361C99CCEB00F2CFFB /* Frameworks */,
				9C8D02371C99CCEB00F2CFFB /* Resources */,
				D063132C14EEF8ECE3D1AFF5 /* Embed Pods Frameworks */,
				03720662AAA820C5F064D0C4 /* Copy Pods Resources */,
			);
			buildRules = (
			);
			dependencies = (
			);
			name = fuhaha;
			productName = fuhaha;
			productReference = 9C8D02391C99CCEB00F2CFFB /* fuhaha.app */;
			productType = "com.apple.product-type.application";
		};
/* End PBXNativeTarget section */

/* Begin PBXProject section */
		9C8D02311C99CCEB00F2CFFB /* Project object */ = {
			isa = PBXProject;
			attributes = {
				LastSwiftUpdateCheck = 0720;
				LastUpgradeCheck = 0720;
				ORGANIZATIONNAME = toteri;
				TargetAttributes = {
					9C8D02381C99CCEB00F2CFFB = {
						CreatedOnToolsVersion = 7.2.1;
					};
				};
			};
			buildConfigurationList = 9C8D02341C99CCEB00F2CFFB /* Build configuration list for PBXProject "fuhaha" */;
			compatibilityVersion = "Xcode 3.2";
			developmentRegion = English;
			hasScannedForEncodings = 0;
			knownRegions = (
				en,
				Base,
			);
			mainGroup = 9C8D02301C99CCEB00F2CFFB;
			productRefGroup = 9C8D023A1C99CCEB00F2CFFB /* Products */;
			projectDirPath = "";
			projectRoot = "";
			targets = (
				9C8D02381C99CCEB00F2CFFB /* fuhaha */,
			);
		};
/* End PBXProject section */

/* Begin PBXResourcesBuildPhase section */
		9C8D02371C99CCEB00F2CFFB /* Resources */ = {
			isa = PBXResourcesBuildPhase;
			buildActionMask = 2147483647;
			files = (
				9C8D02471C99CCEB00F2CFFB /* LaunchScreen.storyboard in Resources */,
				9C3553961D79018700B58FC5 /* InfoPlist.strings in Resources */,
				9C5C56F01CE71FDE00757A8A /* assets in Resources */,
				9C8D02441C99CCEB00F2CFFB /* Assets.xcassets in Resources */,
				9C31DADA1D7749B400472C89 /* splash.png in Resources */,
				9C8D02421C99CCEB00F2CFFB /* Main.storyboard in Resources */,
			);
			runOnlyForDeploymentPostprocessing = 0;
		};
/* End PBXResourcesBuildPhase section */

/* Begin PBXShellScriptBuildPhase section */
		03720662AAA820C5F064D0C4 /* Copy Pods Resources */ = {
			isa = PBXShellScriptBuildPhase;
			buildActionMask = 2147483647;
			files = (
			);
			inputPaths = (
			);
			name = "Copy Pods Resources";
			outputPaths = (
			);
			runOnlyForDeploymentPostprocessing = 0;
			shellPath = /bin/sh;
			shellScript = "\"${SRCROOT}/Pods/Target Support Files/Pods/Pods-resources.sh\"\n";
			showEnvVarsInLog = 0;
		};
		9FAE850ADA6471AEC75285FE /* Check Pods Manifest.lock */ = {
			isa = PBXShellScriptBuildPhase;
			buildActionMask = 2147483647;
			files = (
			);
			inputPaths = (
			);
			name = "Check Pods Manifest.lock";
			outputPaths = (
			);
			runOnlyForDeploymentPostprocessing = 0;
			shellPath = /bin/sh;
			shellScript = "diff \"${PODS_ROOT}/../Podfile.lock\" \"${PODS_ROOT}/Manifest.lock\" > /dev/null\nif [[ $? != 0 ]] ; then\n    cat << EOM\nerror: The sandbox is not in sync with the Podfile.lock. Run 'pod install' or update your CocoaPods installation.\nEOM\n    exit 1\nfi\n";
			showEnvVarsInLog = 0;
		};
		D063132C14EEF8ECE3D1AFF5 /* Embed Pods Frameworks */ = {
			isa = PBXShellScriptBuildPhase;
			buildActionMask = 2147483647;
			files = (
			);
			inputPaths = (
			);
			name = "Embed Pods Frameworks";
			outputPaths = (
			);
			runOnlyForDeploymentPostprocessing = 0;
			shellPath = /bin/sh;
			shellScript = "\"${SRCROOT}/Pods/Target Support Files/Pods/Pods-frameworks.sh\"\n";
			showEnvVarsInLog = 0;
		};
/* End PBXShellScriptBuildPhase section */

/* Begin PBXSourcesBuildPhase section */
		9C8D02351C99CCEB00F2CFFB /* Sources */ = {
			isa = PBXSourcesBuildPhase;
			buildActionMask = 2147483647;
			files = (
				9CD2132B1D78602F00FC4121 /* popupAtelierPuppetList.c in Sources */,
				9CD213491D78602F00FC4121 /* IosPluginTexture.swift in Sources */,
				9CD213181D78602F00FC4121 /* engineUtilMemory.c in Sources */,
				9CD212ED1D78602F00FC4121 /* controllerBtn.c in Sources */,
				9CD213551D78617F00FC4121 /* data.c in Sources */,
				9CD212F31D78602F00FC4121 /* partsButton.c in Sources */,
				9CD2134B1D78602F00FC4121 /* IosPluginUtil.swift in Sources */,
				9CD212F91D78602F00FC4121 /* partsPopupPicker.c in Sources */,
				9CD213361D78602F00FC4121 /* pluginEnpty.c in Sources */,
				9CD213391D78602F00FC4121 /* pluginTextureMemory.c in Sources */,
				9CD213001D78602F00FC4121 /* storageDataDynamicStatus.c in Sources */,
				9CD213471D78602F00FC4121 /* IosPluginSound.swift in Sources */,
				9CD213131D78602F00FC4121 /* engineGraphicObject.c in Sources */,
				9C8D023F1C99CCEB00F2CFFB /* ViewController.swift in Sources */,
				9CD212F71D78602F00FC4121 /* partsPopupItemSelect.c in Sources */,
				9CD213311D78602F00FC4121 /* pageJumpMain.c in Sources */,
				9CD213351D78602F00FC4121 /* pluginDataCallback.c in Sources */,
				9CD2130F1D78602F00FC4121 /* engineDataRequest.c in Sources */,
				9CD213231D78602F00FC4121 /* buttonAtelierGacha.c in Sources */,
				9CD212F11D78602F00FC4121 /* hknwCharaList.c in Sources */,
				9CD2134C1D78602F00FC4121 /* nativeMain.m in Sources */,
				9CD212EE1D78602F00FC4121 /* e3dUtilImage.c in Sources */,
				9CD213191D78602F00FC4121 /* gameEvent.c in Sources */,
				9CD213401D78602F00FC4121 /* IosPluginData.swift in Sources */,
				9CD2132D1D78602F00FC4121 /* pageFieldMain.c in Sources */,
				9CD2131A1D78602F00FC4121 /* gameMain.c in Sources */,
				9CD2131C1D78602F00FC4121 /* pageTestMain.c in Sources */,
				9CD212F01D78602F00FC4121 /* hknwChara.c in Sources */,
				9CD212FB1D78602F00FC4121 /* partsPopupTutorial.c in Sources */,
				9CD213011D78602F00FC4121 /* storageDataGraphicBackground.c in Sources */,
				9CD2133E1D78602F00FC4121 /* FuhahaGLViewController.swift in Sources */,
				9CD2130A1D78602F00FC4121 /* utilParameter.c in Sources */,
				9CD2130C1D78602F00FC4121 /* engineCtrlTouch.c in Sources */,
				9CD213201D78602F00FC4121 /* popupTopCredit.c in Sources */,
				9CD213291D78602F00FC4121 /* popupAtelierGachaResult.c in Sources */,
				9CD2131D1D78602F00FC4121 /* popupTestTest.c in Sources */,
				9CD2133B1D78602F00FC4121 /* pluginUtilMemory.c in Sources */,
				9CD212EF1D78602F00FC4121 /* e3dUtilMain.c in Sources */,
				9CD213371D78602F00FC4121 /* pluginSecret.c in Sources */,
				9CD2133A1D78602F00FC4121 /* pluginUtilCallback.c in Sources */,
				9CD213091D78602F00FC4121 /* utilMain.c in Sources */,
				9CD212FA1D78602F00FC4121 /* partsPopupPuppetProfile.c in Sources */,
				9CD212F81D78602F00FC4121 /* partsPopupMoneyInfo.c in Sources */,
				9CD213031D78602F00FC4121 /* storageDataStaticField.c in Sources */,
				9CD2132C1D78602F00FC4121 /* pageFieldInit.c in Sources */,
				9CD2131B1D78602F00FC4121 /* pageTestInit.c in Sources */,
				9CD213161D78602F00FC4121 /* engineMathMatrix.c in Sources */,
				9CD213381D78602F00FC4121 /* pluginTextureCallback.c in Sources */,
				9CD213421D78602F00FC4121 /* IosPluginEnpty.swift in Sources */,
				9CD213251D78602F00FC4121 /* buttonAtelierPuppet.c in Sources */,
				9CD213321D78602F00FC4121 /* popupJumpEscape.c in Sources */,
				9C8D023D1C99CCEB00F2CFFB /* AppDelegate.swift in Sources */,
				9CD213101D78602F00FC4121 /* engineGraphicBuffer.c in Sources */,
				9CD2131F1D78602F00FC4121 /* pageTopMain.c in Sources */,
				9CD213331D78602F00FC4121 /* popupJumpResultLose.c in Sources */,
				9CD212FD1D78602F00FC4121 /* storageDataDynamicField.c in Sources */,
				9CD213411D78602F00FC4121 /* iosPluginEnpty.m in Sources */,
				9CD213061D78602F00FC4121 /* storageDataStaticPuppet.c in Sources */,
				9CD2133F1D78602F00FC4121 /* iosPluginData.m in Sources */,
				9CD213021D78602F00FC4121 /* storageDataStaticEnemy.c in Sources */,
				9CD212EC1D78602F00FC4121 /* cartridgePopup.c in Sources */,
				9CD213261D78602F00FC4121 /* pageAtelierInit.c in Sources */,
				9CD213121D78602F00FC4121 /* engineGraphicMain.c in Sources */,
				9CD213341D78602F00FC4121 /* popupJumpResultWin.c in Sources */,
				9CD213081D78602F00FC4121 /* storageSetting.c in Sources */,
				9CD212F21D78602F00FC4121 /* hknwMap.c in Sources */,
				9CD2130E1D78602F00FC4121 /* engineDataJson.c in Sources */,
				9CD213221D78602F00FC4121 /* popupTopOption.c in Sources */,
				9CD213051D78602F00FC4121 /* storageDataStaticMeister.c in Sources */,
				9CD2132F1D78602F00FC4121 /* popupFieldOpen.c in Sources */,
				9CD213041D78602F00FC4121 /* storageDataStaticGacha.c in Sources */,
				9CD212EB1D78602F00FC4121 /* cartridgePage.c in Sources */,
				9CD2131E1D78602F00FC4121 /* pageTopInit.c in Sources */,
				9CD2134A1D78602F00FC4121 /* iosPluginUtil.m in Sources */,
				9CD213301D78602F00FC4121 /* pageJumpInit.c in Sources */,
				9CD213441D78602F00FC4121 /* IosPluginPreference.swift in Sources */,
				9CD2132E1D78602F00FC4121 /* popupFieldInfo.c in Sources */,
				9CD213451D78602F00FC4121 /* IosPluginSecret.swift in Sources */,
				9CD213111D78602F00FC4121 /* engineGraphicEngine.c in Sources */,
				9CD212FF1D78602F00FC4121 /* storageDataDynamicPuppet.c in Sources */,
				9CD212F51D78602F00FC4121 /* partsPopupItemAsk.c in Sources */,
				9CD213431D78602F00FC4121 /* iosPluginPreference.m in Sources */,
				9CD2133C1D78602F00FC4121 /* pluginUtilUrl.c in Sources */,
				9CD213281D78602F00FC4121 /* popupAtelierGacha.c in Sources */,
				9CD212F61D78602F00FC4121 /* partsPopupItemInfo.c in Sources */,
				9CD2132A1D78602F00FC4121 /* popupAtelierMeisterList.c in Sources */,
				9CD213171D78602F00FC4121 /* engineMathRandom.c in Sources */,
				9CD213241D78602F00FC4121 /* buttonAtelierMeister.c in Sources */,
				9CD213151D78602F00FC4121 /* engineMathFunction.c in Sources */,
				9CD213211D78602F00FC4121 /* popupTopManual.c in Sources */,
				9CD2133D1D78602F00FC4121 /* FuhahaEvent.swift in Sources */,
				9CD212FE1D78602F00FC4121 /* storageDataDynamicMeister.c in Sources */,
				9CD213461D78602F00FC4121 /* iosPluginSound.m in Sources */,
				9CD213481D78602F00FC4121 /* iosPluginTexture.m in Sources */,
				9CD213071D78602F00FC4121 /* storageMain.c in Sources */,
				9CD212FC1D78602F00FC4121 /* storageDataDynamicAtelier.c in Sources */,
				9CD2130B1D78602F00FC4121 /* utilSound.c in Sources */,
				9CD213141D78602F00FC4121 /* engineGraphicShader.c in Sources */,
				9CD212F41D78602F00FC4121 /* partsButtonMemory.c in Sources */,
				9CD2130D1D78602F00FC4121 /* engineDataBase64.c in Sources */,
				9CD213271D78602F00FC4121 /* pageAtelierMain.c in Sources */,
			);
			runOnlyForDeploymentPostprocessing = 0;
		};
/* End PBXSourcesBuildPhase section */

/* Begin PBXVariantGroup section */
		9C3553941D79018700B58FC5 /* InfoPlist.strings */ = {
			isa = PBXVariantGroup;
			children = (
				9C3553951D79018700B58FC5 /* Base */,
			);
			name = InfoPlist.strings;
			sourceTree = "<group>";
		};
		9C8D02401C99CCEB00F2CFFB /* Main.storyboard */ = {
			isa = PBXVariantGroup;
			children = (
				9C8D02411C99CCEB00F2CFFB /* Base */,
			);
			name = Main.storyboard;
			sourceTree = "<group>";
		};
		9C8D02451C99CCEB00F2CFFB /* LaunchScreen.storyboard */ = {
			isa = PBXVariantGroup;
			children = (
				9C8D02461C99CCEB00F2CFFB /* Base */,
			);
			name = LaunchScreen.storyboard;
			sourceTree = "<group>";
		};
/* End PBXVariantGroup section */

/* Begin XCBuildConfiguration section */
		9C8D02491C99CCEB00F2CFFB /* Debug */ = {
			isa = XCBuildConfiguration;
			buildSettings = {
				ALWAYS_SEARCH_USER_PATHS = NO;
				CLANG_CXX_LANGUAGE_STANDARD = "gnu++0x";
				CLANG_CXX_LIBRARY = "libc++";
				CLANG_ENABLE_MODULES = YES;
				CLANG_ENABLE_OBJC_ARC = YES;
				CLANG_WARN_BOOL_CONVERSION = YES;
				CLANG_WARN_CONSTANT_CONVERSION = YES;
				CLANG_WARN_DIRECT_OBJC_ISA_USAGE = YES_ERROR;
				CLANG_WARN_EMPTY_BODY = YES;
				CLANG_WARN_ENUM_CONVERSION = YES;
				CLANG_WARN_INT_CONVERSION = YES;
				CLANG_WARN_OBJC_ROOT_CLASS = YES_ERROR;
				CLANG_WARN_UNREACHABLE_CODE = YES;
				CLANG_WARN__DUPLICATE_METHOD_MATCH = YES;
				"CODE_SIGN_IDENTITY[sdk=iphoneos*]" = "iPhone Developer";
				COPY_PHASE_STRIP = NO;
				DEBUG_INFORMATION_FORMAT = dwarf;
				ENABLE_STRICT_OBJC_MSGSEND = YES;
				ENABLE_TESTABILITY = YES;
				GCC_C_LANGUAGE_STANDARD = gnu99;
				GCC_DYNAMIC_NO_PIC = NO;
				GCC_NO_COMMON_BLOCKS = YES;
				GCC_OPTIMIZATION_LEVEL = 0;
				GCC_PREPROCESSOR_DEFINITIONS = (
					"DEBUG=1",
					"$(inherited)",
				);
				GCC_WARN_64_TO_32_BIT_CONVERSION = YES;
				GCC_WARN_ABOUT_RETURN_TYPE = YES_ERROR;
				GCC_WARN_UNDECLARED_SELECTOR = YES;
				GCC_WARN_UNINITIALIZED_AUTOS = YES_AGGRESSIVE;
				GCC_WARN_UNUSED_FUNCTION = YES;
				GCC_WARN_UNUSED_VARIABLE = YES;
				IPHONEOS_DEPLOYMENT_TARGET = 9.2;
				MTL_ENABLE_DEBUG_INFO = YES;
				ONLY_ACTIVE_ARCH = YES;
				SDKROOT = iphoneos;
				SWIFT_OBJC_BRIDGING_HEADER = "../../src_client/platform_ios/fuhaha-bridgingHeader.h";
				SWIFT_OPTIMIZATION_LEVEL = "-Onone";
				TARGETED_DEVICE_FAMILY = "1,2";
			};
			name = Debug;
		};
		9C8D024A1C99CCEB00F2CFFB /* Release */ = {
			isa = XCBuildConfiguration;
			buildSettings = {
				ALWAYS_SEARCH_USER_PATHS = NO;
				CLANG_CXX_LANGUAGE_STANDARD = "gnu++0x";
				CLANG_CXX_LIBRARY = "libc++";
				CLANG_ENABLE_MODULES = YES;
				CLANG_ENABLE_OBJC_ARC = YES;
				CLANG_WARN_BOOL_CONVERSION = YES;
				CLANG_WARN_CONSTANT_CONVERSION = YES;
				CLANG_WARN_DIRECT_OBJC_ISA_USAGE = YES_ERROR;
				CLANG_WARN_EMPTY_BODY = YES;
				CLANG_WARN_ENUM_CONVERSION = YES;
				CLANG_WARN_INT_CONVERSION = YES;
				CLANG_WARN_OBJC_ROOT_CLASS = YES_ERROR;
				CLANG_WARN_UNREACHABLE_CODE = YES;
				CLANG_WARN__DUPLICATE_METHOD_MATCH = YES;
				"CODE_SIGN_IDENTITY[sdk=iphoneos*]" = "iPhone Developer";
				COPY_PHASE_STRIP = NO;
				DEBUG_INFORMATION_FORMAT = "dwarf-with-dsym";
				ENABLE_NS_ASSERTIONS = NO;
				ENABLE_STRICT_OBJC_MSGSEND = YES;
				GCC_C_LANGUAGE_STANDARD = gnu99;
				GCC_NO_COMMON_BLOCKS = YES;
				GCC_WARN_64_TO_32_BIT_CONVERSION = YES;
				GCC_WARN_ABOUT_RETURN_TYPE = YES_ERROR;
				GCC_WARN_UNDECLARED_SELECTOR = YES;
				GCC_WARN_UNINITIALIZED_AUTOS = YES_AGGRESSIVE;
				GCC_WARN_UNUSED_FUNCTION = YES;
				GCC_WARN_UNUSED_VARIABLE = YES;
				IPHONEOS_DEPLOYMENT_TARGET = 9.2;
				MTL_ENABLE_DEBUG_INFO = NO;
				SDKROOT = iphoneos;
				SWIFT_OBJC_BRIDGING_HEADER = "../../src_client/platform_ios/fuhaha-bridgingHeader.h";
				TARGETED_DEVICE_FAMILY = "1,2";
				VALIDATE_PRODUCT = YES;
			};
			name = Release;
		};
		9C8D024C1C99CCEB00F2CFFB /* Debug */ = {
			isa = XCBuildConfiguration;
			baseConfigurationReference = CD8B7538C5C3216B88EBC6F9 /* Pods.debug.xcconfig */;
			buildSettings = {
				ASSETCATALOG_COMPILER_APPICON_NAME = AppIcon;
				INFOPLIST_FILE = fuhaha/Info.plist;
				LD_RUNPATH_SEARCH_PATHS = "$(inherited) @executable_path/Frameworks";
				PRODUCT_BUNDLE_IDENTIFIER = com.totetero.hopping;
				PRODUCT_NAME = "$(TARGET_NAME)";
			};
			name = Debug;
		};
		9C8D024D1C99CCEB00F2CFFB /* Release */ = {
			isa = XCBuildConfiguration;
			baseConfigurationReference = CBE7164124FC6F2ED49758E9 /* Pods.release.xcconfig */;
			buildSettings = {
				ASSETCATALOG_COMPILER_APPICON_NAME = AppIcon;
				INFOPLIST_FILE = fuhaha/Info.plist;
				LD_RUNPATH_SEARCH_PATHS = "$(inherited) @executable_path/Frameworks";
				PRODUCT_BUNDLE_IDENTIFIER = com.totetero.hopping;
				PRODUCT_NAME = "$(TARGET_NAME)";
			};
			name = Release;
		};
/* End XCBuildConfiguration section */

/* Begin XCConfigurationList section */
		9C8D02341C99CCEB00F2CFFB /* Build configuration list for PBXProject "fuhaha" */ = {
			isa = XCConfigurationList;
			buildConfigurations = (
				9C8D02491C99CCEB00F2CFFB /* Debug */,
				9C8D024A1C99CCEB00F2CFFB /* Release */,
			);
			defaultConfigurationIsVisible = 0;
			defaultConfigurationName = Release;
		};
		9C8D024B1C99CCEB00F2CFFB /* Build configuration list for PBXNativeTarget "fuhaha" */ = {
			isa = XCConfigurationList;
			buildConfigurations = (
				9C8D024C1C99CCEB00F2CFFB /* Debug */,
				9C8D024D1C99CCEB00F2CFFB /* Release */,
			);
			defaultConfigurationIsVisible = 0;
			defaultConfigurationName = Release;
		};
/* End XCConfigurationList section */
	};
	rootObject = 9C8D02311C99CCEB00F2CFFB /* Project object */;
}
